
Microsoft Visual Studio Solution File, Format Version 12.00
# Visual Studio Version 16
VisualStudioVersion = 16.0.31424.327
MinimumVisualStudioVersion = 10.0.40219.1
Project("{9A19103F-16F7-4668-BE54-9A1E7A4F7556}") = "Loger", "Loger\Loger.csproj", "{45E325E4-D905-4AF1-B584-138BE81DF02B}"
EndProject
Project("{FAE04EC0-301F-11D3-BF4B-00C04F79EFBC}") = "LogerLib", "LogerLib\LogerLib.csproj", "{EA9C460A-E3DE-4BBE-B3B8-CCA196D3277F}"
EndProject
Global
	GlobalSection(SolutionConfigurationPlatforms) = preSolution
		Debug|Any CPU = Debug|Any CPU
		Release|Any CPU = Release|Any CPU
	EndGlobalSection
	GlobalSection(ProjectConfigurationPlatforms) = postSolution
		{45E325E4-D905-4AF1-B584-138BE81DF02B}.Debug|Any CPU.ActiveCfg = Debug|Any CPU
		{45E325E4-D905-4AF1-B584-138BE81DF02B}.Debug|Any CPU.Build.0 = Debug|Any CPU
		{45E325E4-D905-4AF1-B584-138BE81DF02B}.Release|Any CPU.ActiveCfg = Release|Any CPU
		{45E325E4-D905-4AF1-B584-138BE81DF02B}.Release|Any CPU.Build.0 = Release|Any CPU
		{EA9C460A-E3DE-4BBE-B3B8-CCA196D3277F}.Debug|Any CPU.ActiveCfg = Debug|Any CPU
		{EA9C460A-E3DE-4BBE-B3B8-CCA196D3277F}.Debug|Any CPU.Build.0 = Debug|Any CPU
		{EA9C460A-E3DE-4BBE-B3B8-CCA196D3277F}.Release|Any CPU.ActiveCfg = Release|Any CPU
		{EA9C460A-E3DE-4BBE-B3B8-CCA196D3277F}.Release|Any CPU.Build.0 = Release|Any CPU
	EndGlobalSection
	GlobalSection(SolutionProperties) = preSolution
		HideSolutionNode = FALSE
	EndGlobalSection
	GlobalSection(ExtensibilityGlobals) = postSolution
		SolutionGuid = {2BF14B9B-1C49-4841-AAA2-25920DA6D1CD}
	EndGlobalSection
EndGlobal
